{
  "name": "krill",
  "version": "1.0.0",
  "lockfileVersion": 1,
  "requires": true,
  "dependencies": {
    "@hapi/accept": {
      "version": "3.2.2",
      "resolved": "https://registry.npmjs.org/@hapi/accept/-/accept-3.2.2.tgz",
      "integrity": "sha512-UtXlTT59srtMr7ZRBzK2CvyWqFwlf78hPt9jEXqkwfbwiwRH1PRv/qkS8lgr5ZyoG6kfpU3xTgt2X91Yfe/6Yg==",
      "requires": {
        "@hapi/boom": "7.x.x",
        "@hapi/hoek": "6.x.x"
      }
    },
    "@hapi/address": {
      "version": "2.0.0",
      "resolved": "https://registry.npmjs.org/@hapi/address/-/address-2.0.0.tgz",
      "integrity": "sha512-mV6T0IYqb0xL1UALPFplXYQmR0twnXG0M6jUswpquqT2sD12BOiCiLy3EvMp/Fy7s3DZElC4/aPjEjo2jeZpvw=="
    },
    "@hapi/ammo": {
      "version": "3.1.0",
      "resolved": "https://registry.npmjs.org/@hapi/ammo/-/ammo-3.1.0.tgz",
      "integrity": "sha512-iFQBEfm3WwWy8JdPQ8l6qXVLPtzmjITVfaxwl6dfoP8kKv6i2Uk43Ax+ShkNfOVyfEnNggqL2IyZTY3DaaRGNg==",
      "requires": {
        "@hapi/hoek": "6.x.x"
      }
    },
    "@hapi/b64": {
      "version": "4.2.0",
      "resolved": "https://registry.npmjs.org/@hapi/b64/-/b64-4.2.0.tgz",
      "integrity": "sha512-hmfPC1aF7cP21489A/IWPC3s1GE+1eAteVwFcOWLwj0Pky8eHgvrXPSSko2IeCpxqOdZhYw71IFN8xKPdv3CtQ==",
      "requires": {
        "@hapi/hoek": "6.x.x"
      }
    },
    "@hapi/boom": {
      "version": "7.4.2",
      "resolved": "https://registry.npmjs.org/@hapi/boom/-/boom-7.4.2.tgz",
      "integrity": "sha512-T2CYcTI0AqSvC6YC7keu/fh9LVSMzfoMLharBnPbOwmc+Cexj9joIc5yNDKunaxYq9LPuOwMS0f2B3S1tFQUNw==",
      "requires": {
        "@hapi/hoek": "6.x.x"
      }
    },
    "@hapi/bounce": {
      "version": "1.3.0",
      "resolved": "https://registry.npmjs.org/@hapi/bounce/-/bounce-1.3.0.tgz",
      "integrity": "sha512-gF5W/9AL10h/06HEf1bi0FP6KxZZ8LC/yHtDuoACw+1HrULvigHfnBIaSPFJXeHI3V3g0EkJpt1UOW0NKB+m+w==",
      "requires": {
        "@hapi/boom": "7.x.x",
        "@hapi/hoek": "6.x.x"
      }
    },
    "@hapi/bourne": {
      "version": "1.3.2",
      "resolved": "https://registry.npmjs.org/@hapi/bourne/-/bourne-1.3.2.tgz",
      "integrity": "sha512-1dVNHT76Uu5N3eJNTYcvxee+jzX4Z9lfciqRRHCU27ihbUcYi+iSc2iml5Ke1LXe1SyJCLA0+14Jh4tXJgOppA=="
    },
    "@hapi/call": {
      "version": "5.1.0",
      "resolved": "https://registry.npmjs.org/@hapi/call/-/call-5.1.0.tgz",
      "integrity": "sha512-CiVEXjD/jiIHBqufBW3pdedshEMjRmHtff7m1puot8j4MUmuKRbLlh0DB8fv6QqH/7/55pH1qgFj300r0WpyMw==",
      "requires": {
        "@hapi/boom": "7.x.x",
        "@hapi/hoek": "6.x.x"
      }
    },
    "@hapi/catbox": {
      "version": "10.2.1",
      "resolved": "https://registry.npmjs.org/@hapi/catbox/-/catbox-10.2.1.tgz",
      "integrity": "sha512-u13BXlnmmrNUZssjTriRVTLuk6I/yUy5C1/Pia1+E2cpfd7o2/jmEvYdFgeS0Ft9QTz7WWhpXKlrguARUuohhQ==",
      "requires": {
        "@hapi/boom": "7.x.x",
        "@hapi/hoek": "6.x.x",
        "@hapi/joi": "15.x.x",
        "@hapi/podium": "3.x.x"
      }
    },
    "@hapi/catbox-memory": {
      "version": "4.1.0",
      "resolved": "https://registry.npmjs.org/@hapi/catbox-memory/-/catbox-memory-4.1.0.tgz",
      "integrity": "sha512-libCGyufOZaJu6uE9nVXw/u8tqOt4ifNIrOSAsDjzS+af3vPJyid8faOICqKCAh3E338UAsUe5AeYdezdsmtpg==",
      "requires": {
        "@hapi/boom": "7.x.x",
        "@hapi/hoek": "6.x.x"
      }
    },
    "@hapi/content": {
      "version": "4.1.0",
      "resolved": "https://registry.npmjs.org/@hapi/content/-/content-4.1.0.tgz",
      "integrity": "sha512-hv2Czsl49hnWDEfRZOFow/BmYbKyfEknmk3k83gOp6moFn5ceHB4xVcna8OwsGfy8dxO81lhpPy+JgQEaU4SWw==",
      "requires": {
        "@hapi/boom": "7.x.x"
      }
    },
    "@hapi/cryptiles": {
      "version": "4.2.0",
      "resolved": "https://registry.npmjs.org/@hapi/cryptiles/-/cryptiles-4.2.0.tgz",
      "integrity": "sha512-P+ioMP1JGhwDOKPRuQls6sT/ln6Fk+Ks6d90mlBi6HcOu5itvdUiFv5Ynq2DvLadPDWaA43lwNxkfZrjE9s2MA==",
      "requires": {
        "@hapi/boom": "7.x.x"
      }
    },
    "@hapi/hapi": {
      "version": "18.3.1",
      "resolved": "https://registry.npmjs.org/@hapi/hapi/-/hapi-18.3.1.tgz",
      "integrity": "sha512-gBiU9isWWezrg0ucX95Ph6AY6fUKZub3FxKapaleoFBJDOUcxTYiQR6Lha2zvHalIFoTl3K04O3Yr/5pD17QkQ==",
      "requires": {
        "@hapi/accept": "3.x.x",
        "@hapi/ammo": "3.x.x",
        "@hapi/boom": "7.x.x",
        "@hapi/bounce": "1.x.x",
        "@hapi/call": "5.x.x",
        "@hapi/catbox": "10.x.x",
        "@hapi/catbox-memory": "4.x.x",
        "@hapi/heavy": "6.x.x",
        "@hapi/hoek": "6.x.x",
        "@hapi/joi": "15.x.x",
        "@hapi/mimos": "4.x.x",
        "@hapi/podium": "3.x.x",
        "@hapi/shot": "4.x.x",
        "@hapi/somever": "2.x.x",
        "@hapi/statehood": "6.x.x",
        "@hapi/subtext": "6.x.x",
        "@hapi/teamwork": "3.x.x",
        "@hapi/topo": "3.x.x"
      }
    },
    "@hapi/heavy": {
      "version": "6.2.0",
      "resolved": "https://registry.npmjs.org/@hapi/heavy/-/heavy-6.2.0.tgz",
      "integrity": "sha512-tzGU9cElY0IxRBudGB7tLFkdpBD8XQPfd6G7DSOnvHRK+q96UHGHn4t59Yd7kDpVucNkErWWYarsGx2KmKPkXA==",
      "requires": {
        "@hapi/boom": "7.x.x",
        "@hapi/hoek": "6.x.x",
        "@hapi/joi": "15.x.x"
      }
    },
    "@hapi/hoek": {
      "version": "6.2.1",
      "resolved": "https://registry.npmjs.org/@hapi/hoek/-/hoek-6.2.1.tgz",
      "integrity": "sha512-+ryw4GU9pjr1uT6lBuErHJg3NYqzwJTvZ75nKuJijEzpd00Uqi6oiawTGDDf5Hl0zWmI7qHfOtaqB0kpQZJQzA=="
    },
    "@hapi/inert": {
      "version": "5.2.0",
      "resolved": "https://registry.npmjs.org/@hapi/inert/-/inert-5.2.0.tgz",
      "integrity": "sha512-ytsYA46CQOj8AJ3j4keRMj0S1k2XPMuhrlxo/uBY3EJvfRlRs8LtIBIYDW+kmcAqnVaZggcYq4ngKt9H/eEIAA==",
      "requires": {
        "@hapi/ammo": "3.x.x",
        "@hapi/boom": "7.x.x",
        "@hapi/bounce": "1.x.x",
        "@hapi/hoek": "6.x.x",
        "@hapi/joi": "15.x.x",
        "lru-cache": "4.1.x"
      }
    },
    "@hapi/iron": {
      "version": "5.1.0",
      "resolved": "https://registry.npmjs.org/@hapi/iron/-/iron-5.1.0.tgz",
      "integrity": "sha512-+MK3tBPkEKd50SrDTRXa2DVvE0UTPFKxGbodlbQpNP9SVlxi+ZwA640VJtMNj84FZh81UUxda8AOLPRKFffnEA==",
      "requires": {
        "@hapi/b64": "4.x.x",
        "@hapi/boom": "7.x.x",
        "@hapi/cryptiles": "4.x.x",
        "@hapi/hoek": "6.x.x"
      }
    },
    "@hapi/joi": {
      "version": "15.0.2",
      "resolved": "https://registry.npmjs.org/@hapi/joi/-/joi-15.0.2.tgz",
      "integrity": "sha512-c3NwWBHzUnEavcaCpGaepOcygS17pSnOh5ZYUBz+sfqCP7kC9haLcRnd3U8KFC4TbLFmRwKnmYglsc47m9yapg==",
      "requires": {
        "@hapi/address": "2.x.x",
        "@hapi/hoek": "6.x.x",
        "@hapi/topo": "3.x.x"
      }
    },
    "@hapi/mimos": {
      "version": "4.1.0",
      "resolved": "https://registry.npmjs.org/@hapi/mimos/-/mimos-4.1.0.tgz",
      "integrity": "sha512-CkxOB15TFZDMl5tQ5qezKZvvBnkRYVc8YksNfA5TnqQMMsU7vGPyvuuNFqj+15bfEwHyM6qasxyQNdkX9B/cQw==",
      "requires": {
        "@hapi/hoek": "6.x.x",
        "mime-db": "1.x.x"
      }
    },
    "@hapi/nigel": {
      "version": "3.1.0",
      "resolved": "https://registry.npmjs.org/@hapi/nigel/-/nigel-3.1.0.tgz",
      "integrity": "sha512-IJyau32pz5Bf7pzUU/8AIn/SvPvhLMQcOel6kM7ECpKyPc895AwttSusRKfgTwfxZOEG6W8DnNv25gLtqrVFSg==",
      "requires": {
        "@hapi/hoek": "6.x.x",
        "@hapi/vise": "3.x.x"
      }
    },
    "@hapi/pez": {
      "version": "4.1.0",
      "resolved": "https://registry.npmjs.org/@hapi/pez/-/pez-4.1.0.tgz",
      "integrity": "sha512-c+AxL8/cCj+7FB+tzJ5FhWKYP8zF7/7mA3Ft3a5y7h6YT26qzhj5d2JY27jur30KaZbrZAd4ofXXkqvE/IpJlA==",
      "requires": {
        "@hapi/b64": "4.x.x",
        "@hapi/boom": "7.x.x",
        "@hapi/content": "4.x.x",
        "@hapi/hoek": "6.x.x",
        "@hapi/nigel": "3.x.x"
      }
    },
    "@hapi/podium": {
      "version": "3.4.0",
      "resolved": "https://registry.npmjs.org/@hapi/podium/-/podium-3.4.0.tgz",
      "integrity": "sha512-IwyewAPGlCoq+g5536PKSDqSTfgpwbj+q4cBJpEUNqzwc5C5SM2stuFsULU7x1jKeWevfgWDoYWC75ML4IOYug==",
      "requires": {
        "@hapi/hoek": "6.x.x",
        "@hapi/joi": "15.x.x"
      }
    },
    "@hapi/shot": {
      "version": "4.1.0",
      "resolved": "https://registry.npmjs.org/@hapi/shot/-/shot-4.1.0.tgz",
      "integrity": "sha512-rpUU5cF08fqAZLLnue6Sy0osj1QMPbrYskehxtLFPdk7CwlPcu9N/wRtgu7vDHTQCKTkag6M8sjc8V8p8lSxpg==",
      "requires": {
        "@hapi/hoek": "6.x.x",
        "@hapi/joi": "15.x.x"
      }
    },
    "@hapi/somever": {
      "version": "2.1.0",
      "resolved": "https://registry.npmjs.org/@hapi/somever/-/somever-2.1.0.tgz",
      "integrity": "sha512-kMPewbpgLd0MSlNg0bjvq57Levozbg7c3O0idpWRxRgXfXBALNATLf8GRVbnMehYXAh7YRD2mR/91kginDtJ2Q==",
      "requires": {
        "@hapi/bounce": "1.x.x",
        "@hapi/hoek": "6.x.x"
      }
    },
    "@hapi/statehood": {
      "version": "6.1.0",
      "resolved": "https://registry.npmjs.org/@hapi/statehood/-/statehood-6.1.0.tgz",
      "integrity": "sha512-qc8Qq3kg0b3XK7siXf6DK0wp+rcOrXv336kIP6YrtD9TbQ45TsBobwKkUXB+4R3GCCQ8a6tOj8FR/9bdtjKJCA==",
      "requires": {
        "@hapi/boom": "7.x.x",
        "@hapi/bounce": "1.x.x",
        "@hapi/bourne": "1.x.x",
        "@hapi/cryptiles": "4.x.x",
        "@hapi/hoek": "6.x.x",
        "@hapi/iron": "5.x.x",
        "@hapi/joi": "15.x.x"
      }
    },
    "@hapi/subtext": {
      "version": "6.1.0",
      "resolved": "https://registry.npmjs.org/@hapi/subtext/-/subtext-6.1.0.tgz",
      "integrity": "sha512-dNL4IspNciKUK9RJuArwyS1MO07ZU64z4JrCzY1+vRKczYqin8M5i34cpOrQNP3pD/A/6IbRcFg0Jl0G6pwjnA==",
      "requires": {
        "@hapi/boom": "7.x.x",
        "@hapi/bourne": "1.x.x",
        "@hapi/content": "4.x.x",
        "@hapi/hoek": "6.x.x",
        "@hapi/pez": "4.x.x",
        "@hapi/wreck": "15.x.x"
      }
    },
    "@hapi/teamwork": {
      "version": "3.3.0",
      "resolved": "https://registry.npmjs.org/@hapi/teamwork/-/teamwork-3.3.0.tgz",
      "integrity": "sha512-8lMcMkKvt182O/IPsqSDL9KVCsnZRXYKfvBywVOEDa2kCCbHe+lC/7NEu9tc5FYXTQl9uKSurAjyCY3sPP2PFQ=="
    },
    "@hapi/topo": {
      "version": "3.1.0",
      "resolved": "https://registry.npmjs.org/@hapi/topo/-/topo-3.1.0.tgz",
      "integrity": "sha512-gZDI/eXOIk8kP2PkUKjWu9RW8GGVd2Hkgjxyr/S7Z+JF+0mr7bAlbw+DkTRxnD580o8Kqxlnba9wvqp5aOHBww==",
      "requires": {
        "@hapi/hoek": "6.x.x"
      }
    },
    "@hapi/vise": {
      "version": "3.1.0",
      "resolved": "https://registry.npmjs.org/@hapi/vise/-/vise-3.1.0.tgz",
      "integrity": "sha512-DUDzV0D4iVO5atghsjGZtzaF0HVtRLcxcnH6rAONyH0stnoLiFloGEuP5nkbIPU0B9cgWTzTUsQPuNHBzxy9Yw==",
      "requires": {
        "@hapi/hoek": "6.x.x"
      }
    },
    "@hapi/wreck": {
      "version": "15.0.1",
      "resolved": "https://registry.npmjs.org/@hapi/wreck/-/wreck-15.0.1.tgz",
      "integrity": "sha512-ByXQna/W1FZk7dg8NEhL79u4QkhzszRz76VpgyGstSH8bLM01a0C8RsxmUBgi6Tjkag5jA9kaEIhF9dLpMrtBw==",
      "requires": {
        "@hapi/boom": "7.x.x",
        "@hapi/bourne": "1.x.x",
        "@hapi/hoek": "6.x.x"
      }
    },
    "assert": {
      "version": "2.0.0",
      "resolved": "https://registry.npmjs.org/assert/-/assert-2.0.0.tgz",
      "integrity": "sha512-se5Cd+js9dXJnu6Ag2JFc00t+HmHOen+8Q+L7O9zI0PqQXr20uk2J0XQqMxZEeo5U50o8Nvmmx7dZrl+Ufr35A==",
      "requires": {
        "es6-object-assign": "^1.1.0",
        "is-nan": "^1.2.1",
        "object-is": "^1.0.1",
        "util": "^0.12.0"
      }
    },
    "bindings": {
      "version": "1.2.1",
      "resolved": "https://registry.npmjs.org/bindings/-/bindings-1.2.1.tgz",
      "integrity": "sha1-FK1hE4EtLTfXLme0ystLtyZQXxE="
    },
    "complex.js": {
      "version": "2.0.11",
      "resolved": "https://registry.npmjs.org/complex.js/-/complex.js-2.0.11.tgz",
      "integrity": "sha512-6IArJLApNtdg1P1dFtn3dnyzoZBEF0MwMnrfF1exSBRpZYoy4yieMkpZhQDC0uwctw48vii0CFVyHfpgZ/DfGw=="
    },
    "decimal.js": {
      "version": "10.2.0",
      "resolved": "https://registry.npmjs.org/decimal.js/-/decimal.js-10.2.0.tgz",
      "integrity": "sha512-vDPw+rDgn3bZe1+F/pyEwb1oMG2XTlRVgAa6B4KccTEpYgF8w6eQllVbQcfIJnZyvzFtFpxnpGtx8dd7DJp/Rw=="
    },
    "define-properties": {
      "version": "1.1.3",
      "resolved": "https://registry.npmjs.org/define-properties/-/define-properties-1.1.3.tgz",
      "integrity": "sha512-3MqfYKj2lLzdMSf8ZIZE/V+Zuy+BgD6f164e8K2w7dgnpKArBDerGYpM46IYYcjnkdPNMjPk9A6VFB8+3SKlXQ==",
      "requires": {
        "object-keys": "^1.0.12"
      }
    },
    "easymidi": {
      "version": "1.0.1",
      "resolved": "https://registry.npmjs.org/easymidi/-/easymidi-1.0.1.tgz",
      "integrity": "sha512-/8SUktbfK8yTngFlegFM2cfRvVKHozGHgMn+rh6PBgESEUCHqn1GmDaSshCiJ21p9KH+bpqmIoztKoLb+/1Q+A==",
      "requires": {
        "midi": "^0.9.5"
      }
    },
    "es-abstract": {
      "version": "1.13.0",
      "resolved": "https://registry.npmjs.org/es-abstract/-/es-abstract-1.13.0.tgz",
      "integrity": "sha512-vDZfg/ykNxQVwup/8E1BZhVzFfBxs9NqMzGcvIJrqg5k2/5Za2bWo40dK2J1pgLngZ7c+Shh8lwYtLGyrwPutg==",
      "requires": {
        "es-to-primitive": "^1.2.0",
        "function-bind": "^1.1.1",
        "has": "^1.0.3",
        "is-callable": "^1.1.4",
        "is-regex": "^1.0.4",
        "object-keys": "^1.0.12"
      }
    },
    "es-to-primitive": {
      "version": "1.2.0",
      "resolved": "https://registry.npmjs.org/es-to-primitive/-/es-to-primitive-1.2.0.tgz",
      "integrity": "sha512-qZryBOJjV//LaxLTV6UC//WewneB3LcXOL9NP++ozKVXsIIIpm/2c13UDiD9Jp2eThsecw9m3jPqDwTyobcdbg==",
      "requires": {
        "is-callable": "^1.1.4",
        "is-date-object": "^1.0.1",
        "is-symbol": "^1.0.2"
      }
    },
    "es6-object-assign": {
      "version": "1.1.0",
      "resolved": "https://registry.npmjs.org/es6-object-assign/-/es6-object-assign-1.1.0.tgz",
      "integrity": "sha1-wsNYJlYkfDnqEHyx5mUrb58kUjw="
    },
    "escape-latex": {
      "version": "1.2.0",
      "resolved": "https://registry.npmjs.org/escape-latex/-/escape-latex-1.2.0.tgz",
      "integrity": "sha512-nV5aVWW1K0wEiUIEdZ4erkGGH8mDxGyxSeqPzRNtWP7ataw+/olFObw7hujFWlVjNsaDFw5VZ5NzVSIqRgfTiw=="
    },
    "fraction.js": {
      "version": "4.0.12",
      "resolved": "https://registry.npmjs.org/fraction.js/-/fraction.js-4.0.12.tgz",
      "integrity": "sha512-8Z1K0VTG4hzYY7kA/1sj4/r1/RWLBD3xwReT/RCrUCbzPszjNQCCsy3ktkU/eaEqX3MYa4pY37a52eiBlPMlhA=="
    },
    "function-bind": {
      "version": "1.1.1",
      "resolved": "https://registry.npmjs.org/function-bind/-/function-bind-1.1.1.tgz",
      "integrity": "sha512-yIovAzMX49sF8Yl58fSCWJ5svSLuaibPxXQJFLmBObTuCr0Mf1KiPopGM9NiFjiYBCbfaa2Fh6breQ6ANVTI0A=="
    },
    "hapi": {
      "version": "18.1.0",
      "resolved": "https://registry.npmjs.org/hapi/-/hapi-18.1.0.tgz",
      "integrity": "sha512-nSU1VLyTAgp7P5gy47QzJIP2JAb+wOFvJIV3gnL0lFj/mD+HuTXhyUsDYXjF/dhADMVXVEz31z6SUHBJhtsvGA==",
      "requires": {
        "accept": "3.x.x",
        "ammo": "3.x.x",
        "boom": "7.x.x",
        "bounce": "1.x.x",
        "call": "5.x.x",
        "catbox": "10.x.x",
        "catbox-memory": "4.x.x",
        "heavy": "6.x.x",
        "hoek": "6.x.x",
        "joi": "14.x.x",
        "mimos": "4.x.x",
        "podium": "3.x.x",
        "shot": "4.x.x",
        "somever": "2.x.x",
        "statehood": "6.x.x",
        "subtext": "6.x.x",
        "teamwork": "3.x.x",
        "topo": "3.x.x"
      },
      "dependencies": {
        "accept": {
          "version": "3.1.3",
          "resolved": "https://registry.npmjs.org/accept/-/accept-3.1.3.tgz",
          "integrity": "sha512-OgOEAidVEOKPup+Gv2+2wdH2AgVKI9LxsJ4hicdJ6cY0faUuZdZoi56kkXWlHp9qicN1nWQLmW5ZRGk+SBS5xg==",
          "requires": {
            "boom": "7.x.x",
            "hoek": "6.x.x"
          }
        },
        "ammo": {
          "version": "3.0.3",
          "resolved": "https://registry.npmjs.org/ammo/-/ammo-3.0.3.tgz",
          "integrity": "sha512-vo76VJ44MkUBZL/BzpGXaKzMfroF4ZR6+haRuw9p+eSWfoNaH2AxVc8xmiEPC08jhzJSeM6w7/iMUGet8b4oBQ==",
          "requires": {
            "hoek": "6.x.x"
          }
        },
        "b64": {
          "version": "4.1.2",
          "resolved": "https://registry.npmjs.org/b64/-/b64-4.1.2.tgz",
          "integrity": "sha512-+GUspBxlH3CJaxMUGUE1EBoWM6RKgWiYwUDal0qdf8m3ArnXNN1KzKVo5HOnE/FSq4HHyWf3TlHLsZI8PKQgrQ==",
          "requires": {
            "hoek": "6.x.x"
          }
        },
        "boom": {
          "version": "7.3.0",
          "resolved": "https://registry.npmjs.org/boom/-/boom-7.3.0.tgz",
          "integrity": "sha512-Swpoyi2t5+GhOEGw8rEsKvTxFLIDiiKoUc2gsoV6Lyr43LHBIzch3k2MvYUs8RTROrIkVJ3Al0TkaOGjnb+B6A==",
          "requires": {
            "hoek": "6.x.x"
          }
        },
        "bounce": {
          "version": "1.2.3",
          "resolved": "https://registry.npmjs.org/bounce/-/bounce-1.2.3.tgz",
          "integrity": "sha512-3G7B8CyBnip5EahCZJjnvQ1HLyArC6P5e+xcolo13BVI9ogFaDOsNMAE7FIWliHtIkYI8/nTRCvCY9tZa3Mu4g==",
          "requires": {
            "boom": "7.x.x",
            "hoek": "6.x.x"
          }
        },
        "bourne": {
          "version": "1.1.1",
          "resolved": "https://registry.npmjs.org/bourne/-/bourne-1.1.1.tgz",
          "integrity": "sha512-Ou0l3W8+n1FuTOoIfIrCk9oF9WVWc+9fKoAl67XQr9Ws0z7LgILRZ7qtc9xdT4BveSKtnYXfKPgn8pFAqeQRew=="
        },
        "call": {
          "version": "5.0.3",
          "resolved": "https://registry.npmjs.org/call/-/call-5.0.3.tgz",
          "integrity": "sha512-eX16KHiAYXugbFu6VifstSdwH6aMuWWb4s0qvpq1nR1b+Sf+u68jjttg8ixDBEldPqBi30bDU35OJQWKeTLKxg==",
          "requires": {
            "boom": "7.x.x",
            "hoek": "6.x.x"
          }
        },
        "catbox": {
          "version": "10.0.6",
          "resolved": "https://registry.npmjs.org/catbox/-/catbox-10.0.6.tgz",
          "integrity": "sha512-gQWCnF/jbHcfwGbQ4FQxyRiAwLRipqWTTXjpq7rTqqdcsnZosFa0L3LsCZcPTF33QIeMMkS7QmFBHt6QdzGPvg==",
          "requires": {
            "boom": "7.x.x",
            "hoek": "6.x.x",
            "joi": "14.x.x"
          }
        },
        "catbox-memory": {
          "version": "4.0.1",
          "resolved": "https://registry.npmjs.org/catbox-memory/-/catbox-memory-4.0.1.tgz",
          "integrity": "sha512-ZmqNiLsYCIu9qvBJ/MQbznDV2bFH5gFiH67TgIJgSSffJFtTXArT+MM3AvJQlby9NSkLHOX4eH/uuUqnch/Ldw==",
          "requires": {
            "boom": "7.x.x",
            "hoek": "6.x.x"
          }
        },
        "content": {
          "version": "4.0.6",
          "resolved": "https://registry.npmjs.org/content/-/content-4.0.6.tgz",
          "integrity": "sha512-lR9ND3dXiMdmsE84K6l02rMdgiBVmtYWu1Vr/gfSGHcIcznBj2QxmSdUgDuNFOA+G9yrb1IIWkZ7aKtB6hDGyA==",
          "requires": {
            "boom": "7.x.x"
          }
        },
        "cryptiles": {
          "version": "4.1.3",
          "resolved": "https://registry.npmjs.org/cryptiles/-/cryptiles-4.1.3.tgz",
          "integrity": "sha512-gT9nyTMSUC1JnziQpPbxKGBbUg8VL7Zn2NB4E1cJYvuXdElHrwxrV9bmltZGDzet45zSDGyYceueke1TjynGzw==",
          "requires": {
            "boom": "7.x.x"
          }
        },
        "heavy": {
          "version": "6.1.2",
          "resolved": "https://registry.npmjs.org/heavy/-/heavy-6.1.2.tgz",
          "integrity": "sha512-cJp884bqhiebNcEHydW0g6V1MUGYOXRPw9c7MFiHQnuGxtbWuSZpsbojwb2kxb3AA1/Rfs8CNiV9MMOF8pFRDg==",
          "requires": {
            "boom": "7.x.x",
            "hoek": "6.x.x",
            "joi": "14.x.x"
          }
        },
        "hoek": {
          "version": "6.1.2",
          "resolved": "https://registry.npmjs.org/hoek/-/hoek-6.1.2.tgz",
          "integrity": "sha512-6qhh/wahGYZHFSFw12tBbJw5fsAhhwrrG/y3Cs0YMTv2WzMnL0oLPnQJjv1QJvEfylRSOFuP+xCu+tdx0tD16Q=="
        },
        "iron": {
          "version": "5.0.6",
          "resolved": "https://registry.npmjs.org/iron/-/iron-5.0.6.tgz",
          "integrity": "sha512-zYUMOSkEXGBdwlV/AXF9zJC0aLuTJUKHkGeYS5I2g225M5i6SrxQyGJGhPgOR8BK1omL6N5i6TcwfsXbP8/Exw==",
          "requires": {
            "b64": "4.x.x",
            "boom": "7.x.x",
            "cryptiles": "4.x.x",
            "hoek": "6.x.x"
          }
        },
        "joi": {
          "version": "14.3.1",
          "resolved": "https://registry.npmjs.org/joi/-/joi-14.3.1.tgz",
          "integrity": "sha512-LQDdM+pkOrpAn4Lp+neNIFV3axv1Vna3j38bisbQhETPMANYRbFJFUyOZcOClYvM/hppMhGWuKSFEK9vjrB+bQ==",
          "requires": {
            "hoek": "6.x.x",
            "isemail": "3.x.x",
            "topo": "3.x.x"
          }
        },
        "mime-db": {
          "version": "1.37.0",
          "resolved": "https://registry.npmjs.org/mime-db/-/mime-db-1.37.0.tgz",
          "integrity": "sha512-R3C4db6bgQhlIhPU48fUtdVmKnflq+hRdad7IyKhtFj06VPNVdk2RhiYL3UjQIlso8L+YxAtFkobT0VK+S/ybg=="
        },
        "mimos": {
          "version": "4.0.2",
          "resolved": "https://registry.npmjs.org/mimos/-/mimos-4.0.2.tgz",
          "integrity": "sha512-5XBsDqBqzSN88XPPH/TFpOalWOjHJM5Z2d3AMx/30iq+qXvYKd/8MPhqBwZDOLtoaIWInR3nLzMQcxfGK9djXA==",
          "requires": {
            "hoek": "6.x.x",
            "mime-db": "1.x.x"
          }
        },
        "nigel": {
          "version": "3.0.4",
          "resolved": "https://registry.npmjs.org/nigel/-/nigel-3.0.4.tgz",
          "integrity": "sha512-3SZCCS/duVDGxFpTROHEieC+itDo4UqL9JNUyQJv3rljudQbK6aqus5B4470OxhESPJLN93Qqxg16rH7DUjbfQ==",
          "requires": {
            "hoek": "6.x.x",
            "vise": "3.x.x"
          }
        },
        "pez": {
          "version": "4.0.5",
          "resolved": "https://registry.npmjs.org/pez/-/pez-4.0.5.tgz",
          "integrity": "sha512-HvL8uiFIlkXbx/qw4B8jKDCWzo7Pnnd65Uvanf9OOCtb20MRcb9gtTVBf9NCnhETif1/nzbDHIjAWC/sUp7LIQ==",
          "requires": {
            "b64": "4.x.x",
            "boom": "7.x.x",
            "content": "4.x.x",
            "hoek": "6.x.x",
            "nigel": "3.x.x"
          }
        },
        "podium": {
          "version": "3.2.0",
          "resolved": "https://registry.npmjs.org/podium/-/podium-3.2.0.tgz",
          "integrity": "sha512-rbwvxwVkI6gRRlxZQ1zUeafrpGxZ7QPHIheinehAvGATvGIPfWRkaTeWedc5P4YjXJXEV8ZbBxPtglNylF9hjw==",
          "requires": {
            "hoek": "6.x.x",
            "joi": "14.x.x"
          }
        },
        "shot": {
          "version": "4.0.7",
          "resolved": "https://registry.npmjs.org/shot/-/shot-4.0.7.tgz",
          "integrity": "sha512-RKaKAGKxJ11EjJl0cf2fYVSsd4KB5Cncb9J0v7w+0iIaXpxNqFWTYNDNhBX7f0XSyDrjOH9a4OWZ9Gp/ZML+ew==",
          "requires": {
            "hoek": "6.x.x",
            "joi": "14.x.x"
          }
        },
        "somever": {
          "version": "2.0.0",
          "resolved": "https://registry.npmjs.org/somever/-/somever-2.0.0.tgz",
          "integrity": "sha512-9JaIPP+HxwYGqCDqqK3tRaTqdtQHoK6Qy3IrXhIt2q5x8fs8RcfU7BMWlFTCOgFazK8p88zIv1tHQXvAwtXMyw==",
          "requires": {
            "bounce": "1.x.x",
            "hoek": "6.x.x"
          }
        },
        "statehood": {
          "version": "6.0.9",
          "resolved": "https://registry.npmjs.org/statehood/-/statehood-6.0.9.tgz",
          "integrity": "sha512-jbFg1+MYEqfC7ABAoWZoeF4cQUtp3LUvMDUGExL76cMmleBHG7I6xlZFsE8hRi7nEySIvutHmVlLmBe9+2R5LQ==",
          "requires": {
            "boom": "7.x.x",
            "bounce": "1.x.x",
            "bourne": "1.x.x",
            "cryptiles": "4.x.x",
            "hoek": "6.x.x",
            "iron": "5.x.x",
            "joi": "14.x.x"
          }
        },
        "subtext": {
          "version": "6.0.12",
          "resolved": "https://registry.npmjs.org/subtext/-/subtext-6.0.12.tgz",
          "integrity": "sha512-yT1wCDWVgqvL9BIkWzWqgj5spUSYo/Enu09iUV8t2ZvHcr2tKGTGg2kc9tUpVEsdhp1ihsZeTAiDqh0TQciTPQ==",
          "requires": {
            "boom": "7.x.x",
            "bourne": "1.x.x",
            "content": "4.x.x",
            "hoek": "6.x.x",
            "pez": "4.x.x",
            "wreck": "14.x.x"
          }
        },
        "teamwork": {
          "version": "3.0.3",
          "resolved": "https://registry.npmjs.org/teamwork/-/teamwork-3.0.3.tgz",
          "integrity": "sha512-OCB56z+G70iA1A1OFoT+51TPzfcgN0ks75uN3yhxA+EU66WTz2BevNDK4YzMqfaL5tuAvxy4iFUn35/u8pxMaQ=="
        },
        "topo": {
          "version": "3.0.3",
          "resolved": "https://registry.npmjs.org/topo/-/topo-3.0.3.tgz",
          "integrity": "sha512-IgpPtvD4kjrJ7CRA3ov2FhWQADwv+Tdqbsf1ZnPUSAtCJ9e1Z44MmoSGDXGk4IppoZA7jd/QRkNddlLJWlUZsQ==",
          "requires": {
            "hoek": "6.x.x"
          }
        },
        "vise": {
          "version": "3.0.2",
          "resolved": "https://registry.npmjs.org/vise/-/vise-3.0.2.tgz",
          "integrity": "sha512-X52VtdRQbSBXdjcazRiY3eRgV3vTQ0B+7Wh8uC9cVv7lKfML5m9+9NHlbcgCY0R9EAqD1v/v7o9mhGh2A3ANFg==",
          "requires": {
            "hoek": "6.x.x"
          }
        },
        "wreck": {
          "version": "14.1.3",
          "resolved": "https://registry.npmjs.org/wreck/-/wreck-14.1.3.tgz",
          "integrity": "sha512-hb/BUtjX3ObbwO3slCOLCenQ4EP8e+n8j6FmTne3VhEFp5XV1faSJojiyxVSvw34vgdeTG5baLTl4NmjwokLlw==",
          "requires": {
            "boom": "7.x.x",
            "hoek": "6.x.x"
          }
        }
      }
    },
    "has": {
      "version": "1.0.3",
      "resolved": "https://registry.npmjs.org/has/-/has-1.0.3.tgz",
      "integrity": "sha512-f2dvO0VU6Oej7RkWJGrehjbzMAjFp5/VKPp5tTpWIV4JHHZK1/BxbFRtf/siA2SWTe09caDmVtYYzWEIbBS4zw==",
      "requires": {
        "function-bind": "^1.1.1"
      }
    },
    "has-symbols": {
      "version": "1.0.0",
      "resolved": "https://registry.npmjs.org/has-symbols/-/has-symbols-1.0.0.tgz",
      "integrity": "sha1-uhqPGvKg/DllD1yFA2dwQSIGO0Q="
    },
    "inherits": {
      "version": "2.0.3",
      "resolved": "https://registry.npmjs.org/inherits/-/inherits-2.0.3.tgz",
      "integrity": "sha1-Yzwsg+PaQqUC9SRmAiSA9CCCYd4="
    },
    "is-arguments": {
      "version": "1.0.4",
      "resolved": "https://registry.npmjs.org/is-arguments/-/is-arguments-1.0.4.tgz",
      "integrity": "sha512-xPh0Rmt8NE65sNzvyUmWgI1tz3mKq74lGA0mL8LYZcoIzKOzDh6HmrYm3d18k60nHerC8A9Km8kYu87zfSFnLA=="
    },
    "is-callable": {
      "version": "1.1.4",
      "resolved": "https://registry.npmjs.org/is-callable/-/is-callable-1.1.4.tgz",
      "integrity": "sha512-r5p9sxJjYnArLjObpjA4xu5EKI3CuKHkJXMhT7kwbpUyIFD1n5PMAsoPvWnvtZiNz7LjkYDRZhd7FlI0eMijEA=="
    },
    "is-date-object": {
      "version": "1.0.1",
      "resolved": "https://registry.npmjs.org/is-date-object/-/is-date-object-1.0.1.tgz",
      "integrity": "sha1-mqIOtq7rv/d/vTPnTKAbM1gdOhY="
    },
    "is-generator-function": {
      "version": "1.0.7",
      "resolved": "https://registry.npmjs.org/is-generator-function/-/is-generator-function-1.0.7.tgz",
      "integrity": "sha512-YZc5EwyO4f2kWCax7oegfuSr9mFz1ZvieNYBEjmukLxgXfBUbxAWGVF7GZf0zidYtoBl3WvC07YK0wT76a+Rtw=="
    },
    "is-nan": {
      "version": "1.2.1",
      "resolved": "https://registry.npmjs.org/is-nan/-/is-nan-1.2.1.tgz",
      "integrity": "sha1-n69ltvttskt/XAYoR16nH5iEAeI=",
      "requires": {
        "define-properties": "^1.1.1"
      }
    },
    "is-regex": {
      "version": "1.0.4",
      "resolved": "https://registry.npmjs.org/is-regex/-/is-regex-1.0.4.tgz",
      "integrity": "sha1-VRdIm1RwkbCTDglWVM7SXul+lJE=",
      "requires": {
        "has": "^1.0.1"
      }
    },
    "is-symbol": {
      "version": "1.0.2",
      "resolved": "https://registry.npmjs.org/is-symbol/-/is-symbol-1.0.2.tgz",
      "integrity": "sha512-HS8bZ9ox60yCJLH9snBpIwv9pYUAkcuLhSA1oero1UB5y9aiQpRA8y2ex945AOtCZL1lJDeIk3G5LthswI46Lw==",
      "requires": {
        "has-symbols": "^1.0.0"
      }
    },
    "isemail": {
      "version": "3.2.0",
      "resolved": "https://registry.npmjs.org/isemail/-/isemail-3.2.0.tgz",
      "integrity": "sha512-zKqkK+O+dGqevc93KNsbZ/TqTUFd46MwWjYOoMrjIMZ51eU7DtQG3Wmd9SQQT7i7RVnuTPEiYEWHU3MSbxC1Tg==",
      "requires": {
        "punycode": "2.x.x"
      }
    },
    "javascript-natural-sort": {
      "version": "0.7.1",
      "resolved": "https://registry.npmjs.org/javascript-natural-sort/-/javascript-natural-sort-0.7.1.tgz",
      "integrity": "sha1-+eIwPUUH9tdDVac2ZNFED7Wg71k="
    },
    "lodash": {
      "version": "4.17.11",
      "resolved": "https://registry.npmjs.org/lodash/-/lodash-4.17.11.tgz",
      "integrity": "sha512-cQKh8igo5QUhZ7lg38DYWAxMvjSAKG0A8wGSVimP07SIUEK2UO+arSRKbRZWtelMtN5V0Hkwh5ryOto/SshYIg=="
    },
    "lru-cache": {
      "version": "4.1.5",
      "resolved": "https://registry.npmjs.org/lru-cache/-/lru-cache-4.1.5.tgz",
      "integrity": "sha512-sWZlbEP2OsHNkXrMl5GYk/jKk70MBng6UU4YI/qGDYbgf6YbP4EvmqISbXCoJiRKs+1bSpFHVgQxvJ17F2li5g==",
      "requires": {
        "pseudomap": "^1.0.2",
        "yallist": "^2.1.2"
      }
    },
    "mathjs": {
      "version": "5.10.0",
      "resolved": "https://registry.npmjs.org/mathjs/-/mathjs-5.10.0.tgz",
      "integrity": "sha512-AWvw1VRZv/37TlHGyAdUPc8U59jHE1cT4jfmM5D7Z18uUaGPqpG59Ia5VvQosxvO71KNBxXAImfxTwEt+6fA3A==",
      "requires": {
        "complex.js": "2.0.11",
        "decimal.js": "10.2.0",
        "escape-latex": "1.2.0",
        "fraction.js": "4.0.12",
        "javascript-natural-sort": "0.7.1",
        "seed-random": "2.2.0",
        "tiny-emitter": "2.1.0",
        "typed-function": "1.1.0"
      }
    },
    "midi": {
      "version": "0.9.5",
      "resolved": "https://registry.npmjs.org/midi/-/midi-0.9.5.tgz",
      "integrity": "sha1-/DI6/z6BsNQJnK7q1TW6Z5xunYg=",
      "requires": {
        "bindings": "~1.2.1",
        "nan": "^2.3.3"
      }
    },
    "mime-db": {
      "version": "1.40.0",
      "resolved": "https://registry.npmjs.org/mime-db/-/mime-db-1.40.0.tgz",
      "integrity": "sha512-jYdeOMPy9vnxEqFRRo6ZvTZ8d9oPb+k18PKoYNYUe2stVEBPPwsln/qWzdbmaIvnhZ9v2P+CuecK+fpUfsV2mA=="
    },
    "nan": {
      "version": "2.14.0",
      "resolved": "https://registry.npmjs.org/nan/-/nan-2.14.0.tgz",
      "integrity": "sha512-INOFj37C7k3AfaNTtX8RhsTw7qRy7eLET14cROi9+5HAVbbHuIWUHEauBv5qT4Av2tWasiTY1Jw6puUNqRJXQg=="
    },
    "nanotimer": {
      "version": "0.3.15",
      "resolved": "https://registry.npmjs.org/nanotimer/-/nanotimer-0.3.15.tgz",
      "integrity": "sha1-KA0nfbkUbspvilcLVyq68qmsx1Q="
    },
    "note-parser": {
      "version": "2.0.1",
      "resolved": "https://registry.npmjs.org/note-parser/-/note-parser-2.0.1.tgz",
      "integrity": "sha1-JDj9V6RolLQCs6IHF5hmASnI+8E="
    },
    "object-is": {
      "version": "1.0.1",
      "resolved": "https://registry.npmjs.org/object-is/-/object-is-1.0.1.tgz",
      "integrity": "sha1-CqYOyZiaCz7Xlc9NBvYs8a1lObY="
    },
    "object-keys": {
      "version": "1.1.1",
      "resolved": "https://registry.npmjs.org/object-keys/-/object-keys-1.1.1.tgz",
      "integrity": "sha512-NuAESUOUMrlIXOfHKzD6bpPu3tYt3xvjNdRIQ+FeT0lNb4K8WR70CaDxhuNguS2XG+GjkyMwOzsN5ZktImfhLA=="
    },
    "object.entries": {
      "version": "1.1.0",
      "resolved": "https://registry.npmjs.org/object.entries/-/object.entries-1.1.0.tgz",
      "integrity": "sha512-l+H6EQ8qzGRxbkHOd5I/aHRhHDKoQXQ8g0BYt4uSweQU1/J6dZUOyWh9a2Vky35YCKjzmgxOzta2hH6kf9HuXA==",
      "requires": {
        "define-properties": "^1.1.3",
        "es-abstract": "^1.12.0",
        "function-bind": "^1.1.1",
        "has": "^1.0.3"
      }
    },
    "pegjs": {
      "version": "0.10.0",
      "resolved": "https://registry.npmjs.org/pegjs/-/pegjs-0.10.0.tgz",
      "integrity": "sha1-z4uvrm7d/0tafvsYUmnqr0YQ3b0="
    },
    "pseudomap": {
      "version": "1.0.2",
      "resolved": "https://registry.npmjs.org/pseudomap/-/pseudomap-1.0.2.tgz",
      "integrity": "sha1-8FKijacOYYkX7wqKw0wa5aaChrM="
    },
    "punycode": {
      "version": "2.1.1",
      "resolved": "https://registry.npmjs.org/punycode/-/punycode-2.1.1.tgz",
      "integrity": "sha512-XRsRjdf+j5ml+y/6GKHPZbrF/8p2Yga0JPtdqTIY2Xe5ohJPD9saDJJLPvp9+NSBprVvevdXZybnj2cv8OEd0A=="
    },
    "safe-buffer": {
      "version": "5.1.2",
      "resolved": "https://registry.npmjs.org/safe-buffer/-/safe-buffer-5.1.2.tgz",
      "integrity": "sha512-Gd2UZBJDkXlY7GbJxfsE8/nvKkUEU1G38c1siN6QP6a9PT9MmHB8GnpscSmMJSoF8LOIrt8ud/wPtojys4G6+g=="
    },
    "seed-random": {
      "version": "2.2.0",
      "resolved": "https://registry.npmjs.org/seed-random/-/seed-random-2.2.0.tgz",
      "integrity": "sha1-KpsZ4lCoFwmSMaW5mk2vgLf77VQ="
    },
    "tiny-emitter": {
      "version": "2.1.0",
      "resolved": "https://registry.npmjs.org/tiny-emitter/-/tiny-emitter-2.1.0.tgz",
      "integrity": "sha512-NB6Dk1A9xgQPMoGqC5CVXn123gWyte215ONT5Pp5a0yt4nlEoO1ZWeCwpncaekPHXO60i47ihFnZPiRPjRMq4Q=="
    },
    "tonal": {
      "version": "2.2.2",
      "resolved": "https://registry.npmjs.org/tonal/-/tonal-2.2.2.tgz",
      "integrity": "sha512-Ze2bQc6KhAf3FKM9HzEsQ4z8hZh4WYCOsCrryONqf/THGOrOpL9Cc8Uc0dq0OA2yK2JbD5FhZckEXNYyD9946A==",
      "requires": {
        "tonal-array": "^2.2.2",
        "tonal-chord": "^2.2.2",
        "tonal-dictionary": "^2.2.2",
        "tonal-distance": "^2.2.2",
        "tonal-interval": "^2.2.2",
        "tonal-key": "^2.2.2",
        "tonal-note": "^2.2.2",
        "tonal-pcset": "^2.2.2",
        "tonal-scale": "^2.2.2"
      }
    },
    "tonal-array": {
      "version": "2.2.2",
      "resolved": "https://registry.npmjs.org/tonal-array/-/tonal-array-2.2.2.tgz",
      "integrity": "sha512-h6YIq20L0EEU4EsDoKHAjl5kD2EQn467VfV79QHAuybvNCJpqqRNsQ3QNvoQyir1BgDXaDUIN9FEmQJNiaaCKA==",
      "requires": {
        "tonal-note": "^2.2.2"
      }
    },
    "tonal-chord": {
      "version": "2.2.2",
      "resolved": "https://registry.npmjs.org/tonal-chord/-/tonal-chord-2.2.2.tgz",
      "integrity": "sha512-gOIXapi6Gx3ISRKdEJKEQjhDBiwjhaalyWSrN5rijGrSyyFFNZ+EVOfzcqLtnVAF9BgeO9Ca0eXCor3XpHdEJg==",
      "requires": {
        "tonal-dictionary": "^2.2.2",
        "tonal-distance": "^2.2.2",
        "tonal-note": "^2.2.2",
        "tonal-pcset": "^2.2.2"
      }
    },
    "tonal-dictionary": {
      "version": "2.2.2",
      "resolved": "https://registry.npmjs.org/tonal-dictionary/-/tonal-dictionary-2.2.2.tgz",
      "integrity": "sha512-283ppJl/0lohhlVPMI6t5C6XwaP5Wx0egu9qfG9TLCT2tn4pRwYpXkzGufd9icvkJTgOylOum3+RxWmywUIPIg==",
      "requires": {
        "tonal-array": "^2.2.2",
        "tonal-note": "^2.2.2",
        "tonal-pcset": "^2.2.2"
      }
    },
    "tonal-distance": {
      "version": "2.2.2",
      "resolved": "https://registry.npmjs.org/tonal-distance/-/tonal-distance-2.2.2.tgz",
      "integrity": "sha512-ktA6OapCxaetXJb/JuXD5QwfyB7/G3y3ONby7Kkbezyffc57cnNfjdhlTR9XBR7eSFIY/J1KuhLwMx/qrffT4g==",
      "requires": {
        "tonal-interval": "^2.2.2",
        "tonal-note": "^2.2.2"
      }
    },
    "tonal-interval": {
      "version": "2.2.2",
      "resolved": "https://registry.npmjs.org/tonal-interval/-/tonal-interval-2.2.2.tgz",
      "integrity": "sha512-lrtDU8lH5IAX7YE63OhGGDRpVb4OoGxaN0wDu5XC3sUhXBwjSgNYpHY2D9JI2aWQ/Er9jhQbnw9b0ffkLy34+Q=="
    },
    "tonal-key": {
      "version": "2.2.2",
      "resolved": "https://registry.npmjs.org/tonal-key/-/tonal-key-2.2.2.tgz",
      "integrity": "sha512-KIc0b8yPl2ATDxF/65P52tIIempNsAQrug0idpD0zFvs5F5cb1hp7Rh7JJ4gECwC/6a3Hgdd1jomI+TnJ7K98w==",
      "requires": {
        "tonal-array": "^2.2.2",
        "tonal-distance": "^2.2.2",
        "tonal-note": "^2.2.2",
        "tonal-roman-numeral": "^2.2.2"
      }
    },
    "tonal-note": {
      "version": "2.2.2",
      "resolved": "https://registry.npmjs.org/tonal-note/-/tonal-note-2.2.2.tgz",
      "integrity": "sha512-RNK3Nb8PxBEW9yYGStcoczgE8bCYFZ5zfLvYJjvuzLWiwTQmqWOhTzONVobVCGFZ/jgDNwpBEKe/bngL3g3Xfw=="
    },
    "tonal-pcset": {
      "version": "2.2.2",
      "resolved": "https://registry.npmjs.org/tonal-pcset/-/tonal-pcset-2.2.2.tgz",
      "integrity": "sha512-PSqhkxzckO6J27W0GxawHYln4wvfDJ7puDmccksyFOBo97UhLnpxiyvBekhiYpkuaMtoZLQC/KALAkEj7lcb+A==",
      "requires": {
        "tonal-array": "^2.2.2",
        "tonal-interval": "^2.2.2",
        "tonal-note": "^2.2.2"
      }
    },
    "tonal-roman-numeral": {
      "version": "2.2.2",
      "resolved": "https://registry.npmjs.org/tonal-roman-numeral/-/tonal-roman-numeral-2.2.2.tgz",
      "integrity": "sha512-+auQNObpW3OvsSqlo+Cc+0otrlEhtbEgpzkPoKbTtkCva0P9oSkSz0OZ9fI73KQM5MsBs1XbB+olxppWkzYTFw=="
    },
    "tonal-scale": {
      "version": "2.2.2",
      "resolved": "https://registry.npmjs.org/tonal-scale/-/tonal-scale-2.2.2.tgz",
      "integrity": "sha512-tDb3YCoTF50XOXq9kNhGB1JkInk7qAGN6GQnP/3xkGxkreFFRZyI58jfHlmWf/AH4+IKb/exsOmL6G8Ok/PCRw==",
      "requires": {
        "tonal-array": "^2.2.2",
        "tonal-dictionary": "^2.2.2",
        "tonal-distance": "^2.2.2",
        "tonal-note": "^2.2.2",
        "tonal-pcset": "^2.2.2"
      }
    },
    "typed-function": {
      "version": "1.1.0",
      "resolved": "https://registry.npmjs.org/typed-function/-/typed-function-1.1.0.tgz",
      "integrity": "sha512-TuQzwiT4DDg19beHam3E66oRXhyqlyfgjHB/5fcvsRXbfmWPJfto9B4a0TBdTrQAPGlGmXh/k7iUI+WsObgORA=="
    },
    "util": {
      "version": "0.12.0",
      "resolved": "https://registry.npmjs.org/util/-/util-0.12.0.tgz",
      "integrity": "sha512-pPSOFl7VLhZ7LO/SFABPraZEEurkJUWSMn3MuA/r3WQZc+Z1fqou2JqLSOZbCLl73EUIxuUVX8X4jkX2vfJeAA==",
      "requires": {
        "inherits": "2.0.3",
        "is-arguments": "^1.0.4",
        "is-generator-function": "^1.0.7",
        "object.entries": "^1.1.0",
        "safe-buffer": "^5.1.2"
      }
    },
    "yallist": {
      "version": "2.1.2",
      "resolved": "https://registry.npmjs.org/yallist/-/yallist-2.1.2.tgz",
      "integrity": "sha1-HBH5IY8HYImkfdUS+TxmmaaoHVI="
    }
  }
}
